// !$*UTF8*$!
{
	archiveVersion = 1;
	classes = {
	};
	objectVersion = 48;
	objects = {

/* Begin PBXBuildFile section */
		675E9DCD223E51320016B866 /* AppDelegate.m in Sources */ = {isa = PBXBuildFile; fileRef = 675E9DCC223E51320016B866 /* AppDelegate.m */; };
		675E9DD0223E51320016B866 /* ViewController.m in Sources */ = {isa = PBXBuildFile; fileRef = 675E9DCF223E51320016B866 /* ViewController.m */; };
		675E9DD3223E51320016B866 /* Main.storyboard in Resources */ = {isa = PBXBuildFile; fileRef = 675E9DD1223E51320016B866 /* Main.storyboard */; };
		675E9DD5223E51320016B866 /* Assets.xcassets in Resources */ = {isa = PBXBuildFile; fileRef = 675E9DD4223E51320016B866 /* Assets.xcassets */; };
		675E9DD8223E51320016B866 /* LaunchScreen.storyboard in Resources */ = {isa = PBXBuildFile; fileRef = 675E9DD6223E51320016B866 /* LaunchScreen.storyboard */; };
		675E9DDB223E51320016B866 /* main.m in Sources */ = {isa = PBXBuildFile; fileRef = 675E9DDA223E51320016B866 /* main.m */; };
		675E9DE5223E51330016B866 /* DJSSignInAndSignUpAppTests.m in Sources */ = {isa = PBXBuildFile; fileRef = 675E9DE4223E51330016B866 /* DJSSignInAndSignUpAppTests.m */; };
		675E9DF0223E51330016B866 /* DJSSignInAndSignUpAppUITests.m in Sources */ = {isa = PBXBuildFile; fileRef = 675E9DEF223E51330016B866 /* DJSSignInAndSignUpAppUITests.m */; };
		675E9DFF223E63CB0016B866 /* DJSSignUpViewController.m in Sources */ = {isa = PBXBuildFile; fileRef = 675E9DFE223E63CB0016B866 /* DJSSignUpViewController.m */; };
		67614125224912180043590A /* DJSForgetPassWordViewController.m in Sources */ = {isa = PBXBuildFile; fileRef = 67614124224912180043590A /* DJSForgetPassWordViewController.m */; };
		67665ED22240F0C4003D0D1F /* DJSChangePassWordViewController.m in Sources */ = {isa = PBXBuildFile; fileRef = 67665ED12240F0C4003D0D1F /* DJSChangePassWordViewController.m */; };
/* End PBXBuildFile section */

/* Begin PBXContainerItemProxy section */
		675E9DE1223E51330016B866 /* PBXContainerItemProxy */ = {
			isa = PBXContainerItemProxy;
			containerPortal = 675E9DC0223E51320016B866 /* Project object */;
			proxyType = 1;
			remoteGlobalIDString = 675E9DC7223E51320016B866;
			remoteInfo = DJSSignInAndSignUpApp;
		};
		675E9DEC223E51330016B866 /* PBXContainerItemProxy */ = {
			isa = PBXContainerItemProxy;
			containerPortal = 675E9DC0223E51320016B866 /* Project object */;
			proxyType = 1;
			remoteGlobalIDString = 675E9DC7223E51320016B866;
			remoteInfo = DJSSignInAndSignUpApp;
		};
/* End PBXContainerItemProxy section */

/* Begin PBXFileReference section */
		675E9DC8223E51320016B866 /* DJSSignInAndSignUpApp.app */ = {isa = PBXFileReference; explicitFileType = wrapper.application; includeInIndex = 0; path = DJSSignInAndSignUpApp.app; sourceTree = BUILT_PRODUCTS_DIR; };
		675E9DCB223E51320016B866 /* AppDelegate.h */ = {isa = PBXFileReference; lastKnownFileType = sourcecode.c.h; path = AppDelegate.h; sourceTree = "<group>"; };
		675E9DCC223E51320016B866 /* AppDelegate.m */ = {isa = PBXFileReference; lastKnownFileType = sourcecode.c.objc; path = AppDelegate.m; sourceTree = "<group>"; };
		675E9DCE223E51320016B866 /* ViewController.h */ = {isa = PBXFileReference; lastKnownFileType = sourcecode.c.h; path = ViewController.h; sourceTree = "<group>"; };
		675E9DCF223E51320016B866 /* ViewController.m */ = {isa = PBXFileReference; lastKnownFileType = sourcecode.c.objc; path = ViewController.m; sourceTree = "<group>"; };
		675E9DD2223E51320016B866 /* Base */ = {isa = PBXFileReference; lastKnownFileType = file.storyboard; name = Base; path = Base.lproj/Main.storyboard; sourceTree = "<group>"; };
		675E9DD4223E51320016B866 /* Assets.xcassets */ = {isa = PBXFileReference; lastKnownFileType = folder.assetcatalog; path = Assets.xcassets; sourceTree = "<group>"; };
		675E9DD7223E51320016B866 /* Base */ = {isa = PBXFileReference; lastKnownFileType = file.storyboard; name = Base; path = Base.lproj/LaunchScreen.storyboard; sourceTree = "<group>"; };
		675E9DD9223E51320016B866 /* Info.plist */ = {isa = PBXFileReference; lastKnownFileType = text.plist.xml; path = Info.plist; sourceTree = "<group>"; };
		675E9DDA223E51320016B866 /* main.m */ = {isa = PBXFileReference; lastKnownFileType = sourcecode.c.objc; path = main.m; sourceTree = "<group>"; };
		675E9DE0223E51330016B866 /* DJSSignInAndSignUpAppTests.xctest */ = {isa = PBXFileReference; explicitFileType = wrapper.cfbundle; includeInIndex = 0; path = DJSSignInAndSignUpAppTests.xctest; sourceTree = BUILT_PRODUCTS_DIR; };
		675E9DE4223E51330016B866 /* DJSSignInAndSignUpAppTests.m */ = {isa = PBXFileReference; lastKnownFileType = sourcecode.c.objc; path = DJSSignInAndSignUpAppTests.m; sourceTree = "<group>"; };
		675E9DE6223E51330016B866 /* Info.plist */ = {isa = PBXFileReference; lastKnownFileType = text.plist.xml; path = Info.plist; sourceTree = "<group>"; };
		675E9DEB223E51330016B866 /* DJSSignInAndSignUpAppUITests.xctest */ = {isa = PBXFileReference; explicitFileType = wrapper.cfbundle; includeInIndex = 0; path = DJSSignInAndSignUpAppUITests.xctest; sourceTree = BUILT_PRODUCTS_DIR; };
		675E9DEF223E51330016B866 /* DJSSignInAndSignUpAppUITests.m */ = {isa = PBXFileReference; lastKnownFileType = sourcecode.c.objc; path = DJSSignInAndSignUpAppUITests.m; sourceTree = "<group>"; };
		675E9DF1223E51330016B866 /* Info.plist */ = {isa = PBXFileReference; lastKnownFileType = text.plist.xml; path = Info.plist; sourceTree = "<group>"; };
		675E9DFD223E63CB0016B866 /* DJSSignUpViewController.h */ = {isa = PBXFileReference; lastKnownFileType = sourcecode.c.h; path = DJSSignUpViewController.h; sourceTree = "<group>"; };
		675E9DFE223E63CB0016B866 /* DJSSignUpViewController.m */ = {isa = PBXFileReference; lastKnownFileType = sourcecode.c.objc; path = DJSSignUpViewController.m; sourceTree = "<group>"; };
		67614123224912180043590A /* DJSForgetPassWordViewController.h */ = {isa = PBXFileReference; lastKnownFileType = sourcecode.c.h; path = DJSForgetPassWordViewController.h; sourceTree = "<group>"; };
		67614124224912180043590A /* DJSForgetPassWordViewController.m */ = {isa = PBXFileReference; lastKnownFileType = sourcecode.c.objc; path = DJSForgetPassWordViewController.m; sourceTree = "<group>"; };
		67665ED02240F0C4003D0D1F /* DJSChangePassWordViewController.h */ = {isa = PBXFileReference; lastKnownFileType = sourcecode.c.h; path = DJSChangePassWordViewController.h; sourceTree = "<group>"; };
		67665ED12240F0C4003D0D1F /* DJSChangePassWordViewController.m */ = {isa = PBXFileReference; lastKnownFileType = sourcecode.c.objc; path = DJSChangePassWordViewController.m; sourceTree = "<group>"; };
/* End PBXFileReference section */

/* Begin PBXFrameworksBuildPhase section */
		675E9DC5223E51320016B866 /* Frameworks */ = {
			isa = PBXFrameworksBuildPhase;
			buildActionMask = 2147483647;
			files = (
			);
			runOnlyForDeploymentPostprocessing = 0;
		};
		675E9DDD223E51330016B866 /* Frameworks */ = {
			isa = PBXFrameworksBuildPhase;
			buildActionMask = 2147483647;
			files = (
			);
			runOnlyForDeploymentPostprocessing = 0;
		};
		675E9DE8223E51330016B866 /* Frameworks */ = {
			isa = PBXFrameworksBuildPhase;
			buildActionMask = 2147483647;
			files = (
			);
			runOnlyForDeploymentPostprocessing = 0;
		};
/* End PBXFrameworksBuildPhase section */

/* Begin PBXGroup section */
		675E9DBF223E51320016B866 = {
			isa = PBXGroup;
			children = (
				675E9DCA223E51320016B866 /* DJSSignInAndSignUpApp */,
				675E9DE3223E51330016B866 /* DJSSignInAndSignUpAppTests */,
				675E9DEE223E51330016B866 /* DJSSignInAndSignUpAppUITests */,
				675E9DC9223E51320016B866 /* Products */,
			);
			sourceTree = "<group>";
		};
		675E9DC9223E51320016B866 /* Products */ = {
			isa = PBXGroup;
			children = (
				675E9DC8223E51320016B866 /* DJSSignInAndSignUpApp.app */,
				675E9DE0223E51330016B866 /* DJSSignInAndSignUpAppTests.xctest */,
				675E9DEB223E51330016B866 /* DJSSignInAndSignUpAppUITests.xctest */,
			);
			name = Products;
			sourceTree = "<group>";
		};
		675E9DCA223E51320016B866 /* DJSSignInAndSignUpApp */ = {
			isa = PBXGroup;
			children = (
				675E9DCB223E51320016B866 /* AppDelegate.h */,
				675E9DCC223E51320016B866 /* AppDelegate.m */,
				675E9DCE223E51320016B866 /* ViewController.h */,
				675E9DCF223E51320016B866 /* ViewController.m */,
				675E9DD1223E51320016B866 /* Main.storyboard */,
				675E9DD4223E51320016B866 /* Assets.xcassets */,
				675E9DD6223E51320016B866 /* LaunchScreen.storyboard */,
				675E9DD9223E51320016B866 /* Info.plist */,
				675E9DDA223E51320016B866 /* main.m */,
				675E9DFD223E63CB0016B866 /* DJSSignUpViewController.h */,
				675E9DFE223E63CB0016B866 /* DJSSignUpViewController.m */,
				67665ED02240F0C4003D0D1F /* DJSChangePassWordViewController.h */,
				67665ED12240F0C4003D0D1F /* DJSChangePassWordViewController.m */,
				67614123224912180043590A /* DJSForgetPassWordViewController.h */,
				67614124224912180043590A /* DJSForgetPassWordViewController.m */,
			);
			path = DJSSignInAndSignUpApp;
			sourceTree = "<group>";
		};
		675E9DE3223E51330016B866 /* DJSSignInAndSignUpAppTests */ = {
			isa = PBXGroup;
			children = (
				675E9DE4223E51330016B866 /* DJSSignInAndSignUpAppTests.m */,
				675E9DE6223E51330016B866 /* Info.plist */,
			);
			path = DJSSignInAndSignUpAppTests;
			sourceTree = "<group>";
		};
		675E9DEE223E51330016B866 /* DJSSignInAndSignUpAppUITests */ = {
			isa = PBXGroup;
			children = (
				675E9DEF223E51330016B866 /* DJSSignInAndSignUpAppUITests.m */,
				675E9DF1223E51330016B866 /* Info.plist */,
			);
			path = DJSSignInAndSignUpAppUITests;
			sourceTree = "<group>";
		};
/* End PBXGroup section */

/* Begin PBXNativeTarget section */
		675E9DC7223E51320016B866 /* DJSSignInAndSignUpApp */ = {
			isa = PBXNativeTarget;
			buildConfigurationList = 675E9DF4223E51330016B866 /* Build configuration list for PBXNativeTarget "DJSSignInAndSignUpApp" */;
			buildPhases = (
				675E9DC4223E51320016B866 /* Sources */,
				675E9DC5223E51320016B866 /* Frameworks */,
				675E9DC6223E51320016B866 /* Resources */,
			);
			buildRules = (
			);
			dependencies = (
			);
			name = DJSSignInAndSignUpApp;
			productName = DJSSignInAndSignUpApp;
			productReference = 675E9DC8223E51320016B866 /* DJSSignInAndSignUpApp.app */;
			productType = "com.apple.product-type.application";
		};
		675E9DDF223E51330016B866 /* DJSSignInAndSignUpAppTests */ = {
			isa = PBXNativeTarget;
			buildConfigurationList = 675E9DF7223E51330016B866 /* Build configuration list for PBXNativeTarget "DJSSignInAndSignUpAppTests" */;
			buildPhases = (
				675E9DDC223E51330016B866 /* Sources */,
				675E9DDD223E51330016B866 /* Frameworks */,
				675E9DDE223E51330016B866 /* Resources */,
			);
			buildRules = (
			);
			dependencies = (
				675E9DE2223E51330016B866 /* PBXTargetDependency */,
			);
			name = DJSSignInAndSignUpAppTests;
			productName = DJSSignInAndSignUpAppTests;
			productReference = 675E9DE0223E51330016B866 /* DJSSignInAndSignUpAppTests.xctest */;
			productType = "com.apple.product-type.bundle.unit-test";
		};
		675E9DEA223E51330016B866 /* DJSSignInAndSignUpAppUITests */ = {
			isa = PBXNativeTarget;
			buildConfigurationList = 675E9DFA223E51330016B866 /* Build configuration list for PBXNativeTarget "DJSSignInAndSignUpAppUITests" */;
			buildPhases = (
				675E9DE7223E51330016B866 /* Sources */,
				675E9DE8223E51330016B866 /* Frameworks */,
				675E9DE9223E51330016B866 /* Resources */,
			);
			buildRules = (
			);
			dependencies = (
				675E9DED223E51330016B866 /* PBXTargetDependency */,
			);
			name = DJSSignInAndSignUpAppUITests;
			productName = DJSSignInAndSignUpAppUITests;
			productReference = 675E9DEB223E51330016B866 /* DJSSignInAndSignUpAppUITests.xctest */;
			productType = "com.apple.product-type.bundle.ui-testing";
		};
/* End PBXNativeTarget section */

/* Begin PBXProject section */
		675E9DC0223E51320016B866 /* Project object */ = {
			isa = PBXProject;
			attributes = {
				LastUpgradeCheck = 0900;
				ORGANIZATIONNAME = "萨缪";
				TargetAttributes = {
					675E9DC7223E51320016B866 = {
						CreatedOnToolsVersion = 9.0;
						ProvisioningStyle = Automatic;
					};
					675E9DDF223E51330016B866 = {
						CreatedOnToolsVersion = 9.0;
						ProvisioningStyle = Automatic;
						TestTargetID = 675E9DC7223E51320016B866;
					};
					675E9DEA223E51330016B866 = {
						CreatedOnToolsVersion = 9.0;
						ProvisioningStyle = Automatic;
						TestTargetID = 675E9DC7223E51320016B866;
					};
				};
			};
			buildConfigurationList = 675E9DC3223E51320016B866 /* Build configuration list for PBXProject "DJSSignInAndSignUpApp" */;
			compatibilityVersion = "Xcode 8.0";
			developmentRegion = en;
			hasScannedForEncodings = 0;
			knownRegions = (
				en,
				Base,
			);
			mainGroup = 675E9DBF223E51320016B866;
			productRefGroup = 675E9DC9223E51320016B866 /* Products */;
			projectDirPath = "";
			projectRoot = "";
			targets = (
				675E9DC7223E51320016B866 /* DJSSignInAndSignUpApp */,
				675E9DDF223E51330016B866 /* DJSSignInAndSignUpAppTests */,
				675E9DEA223E51330016B866 /* DJSSignInAndSignUpAppUITests */,
			);
		};
/* End PBXProject section */

/* Begin PBXResourcesBuildPhase section */
		675E9DC6223E51320016B866 /* Resources */ = {
			isa = PBXResourcesBuildPhase;
			buildActionMask = 2147483647;
			files = (
				675E9DD8223E51320016B866 /* LaunchScreen.storyboard in Resources */,
				675E9DD5223E51320016B866 /* Assets.xcassets in Resources */,
				675E9DD3223E51320016B866 /* Main.storyboard in Resources */,
			);
			runOnlyForDeploymentPostprocessing = 0;
		};
		675E9DDE223E51330016B866 /* Resources */ = {
			isa = PBXResourcesBuildPhase;
			buildActionMask = 2147483647;
			files = (
			);
			runOnlyForDeploymentPostprocessing = 0;
		};
		675E9DE9223E51330016B866 /* Resources */ = {
			isa = PBXResourcesBuildPhase;
			buildActionMask = 2147483647;
			files = (
			);
			runOnlyForDeploymentPostprocessing = 0;
		};
/* End PBXResourcesBuildPhase section */

/* Begin PBXSourcesBuildPhase section */
		675E9DC4223E51320016B866 /* Sources */ = {
			isa = PBXSourcesBuildPhase;
			buildActionMask = 2147483647;
			files = (
				675E9DD0223E51320016B866 /* ViewController.m in Sources */,
				675E9DDB223E51320016B866 /* main.m in Sources */,
				67614125224912180043590A /* DJSForgetPassWordViewController.m in Sources */,
				675E9DFF223E63CB0016B866 /* DJSSignUpViewController.m in Sources */,
				675E9DCD223E51320016B866 /* AppDelegate.m in Sources */,
				67665ED22240F0C4003D0D1F /* DJSChangePassWordViewController.m in Sources */,
			);
			runOnlyForDeploymentPostprocessing = 0;
		};
		675E9DDC223E51330016B866 /* Sources */ = {
			isa = PBXSourcesBuildPhase;
			buildActionMask = 2147483647;
			files = (
				675E9DE5223E51330016B866 /* DJSSignInAndSignUpAppTests.m in Sources */,
			);
			runOnlyForDeploymentPostprocessing = 0;
		};
		675E9DE7223E51330016B866 /* Sources */ = {
			isa = PBXSourcesBuildPhase;
			buildActionMask = 2147483647;
			files = (
				675E9DF0223E51330016B866 /* DJSSignInAndSignUpAppUITests.m in Sources */,
			);
			runOnlyForDeploymentPostprocessing = 0;
		};
/* End PBXSourcesBuildPhase section */

/* Begin PBXTargetDependency section */
		675E9DE2223E51330016B866 /* PBXTargetDependency */ = {
			isa = PBXTargetDependency;
			target = 675E9DC7223E51320016B866 /* DJSSignInAndSignUpApp */;
			targetProxy = 675E9DE1223E51330016B866 /* PBXContainerItemProxy */;
		};
		675E9DED223E51330016B866 /* PBXTargetDependency */ = {
			isa = PBXTargetDependency;
			target = 675E9DC7223E51320016B866 /* DJSSignInAndSignUpApp */;
			targetProxy = 675E9DEC223E51330016B866 /* PBXContainerItemProxy */;
		};
/* End PBXTargetDependency section */

/* Begin PBXVariantGroup section */
		675E9DD1223E51320016B866 /* Main.storyboard */ = {
			isa = PBXVariantGroup;
			children = (
				675E9DD2223E51320016B866 /* Base */,
			);
			name = Main.storyboard;
			sourceTree = "<group>";
		};
		675E9DD6223E51320016B866 /* LaunchScreen.storyboard */ = {
			isa = PBXVariantGroup;
			children = (
				675E9DD7223E51320016B866 /* Base */,
			);
			name = LaunchScreen.storyboard;
			sourceTree = "<group>";
		};
/* End PBXVariantGroup section */

/* Begin XCBuildConfiguration section */
		675E9DF2223E51330016B866 /* Debug */ = {
			isa = XCBuildConfiguration;
			buildSettings = {
				ALWAYS_SEARCH_USER_PATHS = NO;
				CLANG_ANALYZER_NONNULL = YES;
				CLANG_ANALYZER_NUMBER_OBJECT_CONVERSION = YES_AGGRESSIVE;
				CLANG_CXX_LANGUAGE_STANDARD = "gnu++14";
				CLANG_CXX_LIBRARY = "libc++";
				CLANG_ENABLE_MODULES = YES;
				CLANG_ENABLE_OBJC_ARC = YES;
				CLANG_WARN_BLOCK_CAPTURE_AUTORELEASING = YES;
				CLANG_WARN_BOOL_CONVERSION = YES;
				CLANG_WARN_COMMA = YES;
				CLANG_WARN_CONSTANT_CONVERSION = YES;
				CLANG_WARN_DIRECT_OBJC_ISA_USAGE = YES_ERROR;
				CLANG_WARN_DOCUMENTATION_COMMENTS = YES;
				CLANG_WARN_EMPTY_BODY = YES;
				CLANG_WARN_ENUM_CONVERSION = YES;
				CLANG_WARN_INFINITE_RECURSION = YES;
				CLANG_WARN_INT_CONVERSION = YES;
				CLANG_WARN_NON_LITERAL_NULL_CONVERSION = YES;
				CLANG_WARN_OBJC_LITERAL_CONVERSION = YES;
				CLANG_WARN_OBJC_ROOT_CLASS = YES_ERROR;
				CLANG_WARN_RANGE_LOOP_ANALYSIS = YES;
				CLANG_WARN_STRICT_PROTOTYPES = YES;
				CLANG_WARN_SUSPICIOUS_MOVE = YES;
				CLANG_WARN_UNGUARDED_AVAILABILITY = YES_AGGRESSIVE;
				CLANG_WARN_UNREACHABLE_CODE = YES;
				CLANG_WARN__DUPLICATE_METHOD_MATCH = YES;
				CODE_SIGN_IDENTITY = "iPhone Developer";
				COPY_PHASE_STRIP = NO;
				DEBUG_INFORMATION_FORMAT = dwarf;
				ENABLE_STRICT_OBJC_MSGSEND = YES;
				ENABLE_TESTABILITY = YES;
				GCC_C_LANGUAGE_STANDARD = gnu11;
				GCC_DYNAMIC_NO_PIC = NO;
				GCC_NO_COMMON_BLOCKS = YES;
				GCC_OPTIMIZATION_LEVEL = 0;
				GCC_PREPROCESSOR_DEFINITIONS = (
					"DEBUG=1",
					"$(inherited)",
				);
				GCC_WARN_64_TO_32_BIT_CONVERSION = YES;
				GCC_WARN_ABOUT_RETURN_TYPE = YES_ERROR;
				GCC_WARN_UNDECLARED_SELECTOR = YES;
				GCC_WARN_UNINITIALIZED_AUTOS = YES_AGGRESSIVE;
				GCC_WARN_UNUSED_FUNCTION = YES;
				GCC_WARN_UNUSED_VARIABLE = YES;
				IPHONEOS_DEPLOYMENT_TARGET = 11.0;
				MTL_ENABLE_DEBUG_INFO = YES;
				ONLY_ACTIVE_ARCH = YES;
				SDKROOT = iphoneos;
			};
			name = Debug;
		};
		675E9DF3223E51330016B866 /* Release */ = {
			isa = XCBuildConfiguration;
			buildSettings = {
				ALWAYS_SEARCH_USER_PATHS = NO;
				CLANG_ANALYZER_NONNULL = YES;
				CLANG_ANALYZER_NUMBER_OBJECT_CONVERSION = YES_AGGRESSIVE;
				CLANG_CXX_LANGUAGE_STANDARD = "gnu++14";
				CLANG_CXX_LIBRARY = "libc++";
				CLANG_ENABLE_MODULES = YES;
				CLANG_ENABLE_OBJC_ARC = YES;
				CLANG_WARN_BLOCK_CAPTURE_AUTORELEASING = YES;
				CLANG_WARN_BOOL_CONVERSION = YES;
				CLANG_WARN_COMMA = YES;
				CLANG_WARN_CONSTANT_CONVERSION = YES;
				CLANG_WARN_DIRECT_OBJC_ISA_USAGE = YES_ERROR;
				CLANG_WARN_DOCUMENTATION_COMMENTS = YES;
				CLANG_WARN_EMPTY_BODY = YES;
				CLANG_WARN_ENUM_CONVERSION = YES;
				CLANG_WARN_INFINITE_RECURSION = YES;
				CLANG_WARN_INT_CONVERSION = YES;
				CLANG_WARN_NON_LITERAL_NULL_CONVERSION = YES;
				CLANG_WARN_OBJC_LITERAL_CONVERSION = YES;
				CLANG_WARN_OBJC_ROOT_CLASS = YES_ERROR;
				CLANG_WARN_RANGE_LOOP_ANALYSIS = YES;
				CLANG_WARN_STRICT_PROTOTYPES = YES;
				CLANG_WARN_SUSPICIOUS_MOVE = YES;
				CLANG_WARN_UNGUARDED_AVAILABILITY = YES_AGGRESSIVE;
				CLANG_WARN_UNREACHABLE_CODE = YES;
				CLANG_WARN__DUPLICATE_METHOD_MATCH = YES;
				CODE_SIGN_IDENTITY = "iPhone Developer";
				COPY_PHASE_STRIP = NO;
				DEBUG_INFORMATION_FORMAT = "dwarf-with-dsym";
				ENABLE_NS_ASSERTIONS = NO;
				ENABLE_STRICT_OBJC_MSGSEND = YES;
				GCC_C_LANGUAGE_STANDARD = gnu11;
				GCC_NO_COMMON_BLOCKS = YES;
				GCC_WARN_64_TO_32_BIT_CONVERSION = YES;
				GCC_WARN_ABOUT_RETURN_TYPE = YES_ERROR;
				GCC_WARN_UNDECLARED_SELECTOR = YES;
				GCC_WARN_UNINITIALIZED_AUTOS = YES_AGGRESSIVE;
				GCC_WARN_UNUSED_FUNCTION = YES;
				GCC_WARN_UNUSED_VARIABLE = YES;
				IPHONEOS_DEPLOYMENT_TARGET = 11.0;
				MTL_ENABLE_DEBUG_INFO = NO;
				SDKROOT = iphoneos;
				VALIDATE_PRODUCT = YES;
			};
			name = Release;
		};
		675E9DF5223E51330016B866 /* Debug */ = {
			isa = XCBuildConfiguration;
			buildSettings = {
				ASSETCATALOG_COMPILER_APPICON_NAME = AppIcon;
				CODE_SIGN_STYLE = Automatic;
				INFOPLIST_FILE = DJSSignInAndSignUpApp/Info.plist;
				LD_RUNPATH_SEARCH_PATHS = "$(inherited) @executable_path/Frameworks";
				PRODUCT_BUNDLE_IDENTIFIER = fist.DJSSignInAndSignUpApp;
				PRODUCT_NAME = "$(TARGET_NAME)";
				TARGETED_DEVICE_FAMILY = "1,2";
			};
			name = Debug;
		};
		675E9DF6223E51330016B866 /* Release */ = {
			isa = XCBuildConfiguration;
			buildSettings = {
				ASSETCATALOG_COMPILER_APPICON_NAME = AppIcon;
				CODE_SIGN_STYLE = Automatic;
				INFOPLIST_FILE = DJSSignInAndSignUpApp/Info.plist;
				LD_RUNPATH_SEARCH_PATHS = "$(inherited) @executable_path/Frameworks";
				PRODUCT_BUNDLE_IDENTIFIER = fist.DJSSignInAndSignUpApp;
				PRODUCT_NAME = "$(TARGET_NAME)";
				TARGETED_DEVICE_FAMILY = "1,2";
			};
			name = Release;
		};
		675E9DF8223E51330016B866 /* Debug */ = {
			isa = XCBuildConfiguration;
			buildSettings = {
				BUNDLE_LOADER = "$(TEST_HOST)";
				CODE_SIGN_STYLE = Automatic;
				INFOPLIST_FILE = DJSSignInAndSignUpAppTests/Info.plist;
				LD_RUNPATH_SEARCH_PATHS = "$(inherited) @executable_path/Frameworks @loader_path/Frameworks";
				PRODUCT_BUNDLE_IDENTIFIER = fist.DJSSignInAndSignUpAppTests;
				PRODUCT_NAME = "$(TARGET_NAME)";
				TARGETED_DEVICE_FAMILY = "1,2";
				TEST_HOST = "$(BUILT_PRODUCTS_DIR)/DJSSignInAndSignUpApp.app/DJSSignInAndSignUpApp";
			};
			name = Debug;
		};
		675E9DF9223E51330016B866 /* Release */ = {
			isa = XCBuildConfiguration;
			buildSettings = {
				BUNDLE_LOADER = "$(TEST_HOST)";
				CODE_SIGN_STYLE = Automatic;
				INFOPLIST_FILE = DJSSignInAndSignUpAppTests/Info.plist;
				LD_RUNPATH_SEARCH_PATHS = "$(inherited) @executable_path/Frameworks @loader_path/Frameworks";
				PRODUCT_BUNDLE_IDENTIFIER = fist.DJSSignInAndSignUpAppTests;
				PRODUCT_NAME = "$(TARGET_NAME)";
				TARGETED_DEVICE_FAMILY = "1,2";
				TEST_HOST = "$(BUILT_PRODUCTS_DIR)/DJSSignInAndSignUpApp.app/DJSSignInAndSignUpApp";
			};
			name = Release;
		};
		675E9DFB223E51330016B866 /* Debug */ = {
			isa = XCBuildConfiguration;
			buildSettings = {
				CODE_SIGN_STYLE = Automatic;
				INFOPLIST_FILE = DJSSignInAndSignUpAppUITests/Info.plist;
				LD_RUNPATH_SEARCH_PATHS = "$(inherited) @executable_path/Frameworks @loader_path/Frameworks";
				PRODUCT_BUNDLE_IDENTIFIER = fist.DJSSignInAndSignUpAppUITests;
				PRODUCT_NAME = "$(TARGET_NAME)";
				TARGETED_DEVICE_FAMILY = "1,2";
				TEST_TARGET_NAME = DJSSignInAndSignUpApp;
			};
			name = Debug;
		};
		675E9DFC223E51330016B866 /* Release */ = {
			isa = XCBuildConfiguration;
			buildSettings = {
				CODE_SIGN_STYLE = Automatic;
				INFOPLIST_FILE = DJSSignInAndSignUpAppUITests/Info.plist;
				LD_RUNPATH_SEARCH_PATHS = "$(inherited) @executable_path/Frameworks @loader_path/Frameworks";
				PRODUCT_BUNDLE_IDENTIFIER = fist.DJSSignInAndSignUpAppUITests;
				PRODUCT_NAME = "$(TARGET_NAME)";
				TARGETED_DEVICE_FAMILY = "1,2";
				TEST_TARGET_NAME = DJSSignInAndSignUpApp;
			};
			name = Release;
		};
/* End XCBuildConfiguration section */

/* Begin XCConfigurationList section */
		675E9DC3223E51320016B866 /* Build configuration list for PBXProject "DJSSignInAndSignUpApp" */ = {
			isa = XCConfigurationList;
			buildConfigurations = (
				675E9DF2223E51330016B866 /* Debug */,
				675E9DF3223E51330016B866 /* Release */,
			);
			defaultConfigurationIsVisible = 0;
			defaultConfigurationName = Release;
		};
		675E9DF4223E51330016B866 /* Build configuration list for PBXNativeTarget "DJSSignInAndSignUpApp" */ = {
			isa = XCConfigurationList;
			buildConfigurations = (
				675E9DF5223E51330016B866 /* Debug */,
				675E9DF6223E51330016B866 /* Release */,
			);
			defaultConfigurationIsVisible = 0;
			defaultConfigurationName = Release;
		};
		675E9DF7223E51330016B866 /* Build configuration list for PBXNativeTarget "DJSSignInAndSignUpAppTests" */ = {
			isa = XCConfigurationList;
			buildConfigurations = (
				675E9DF8223E51330016B866 /* Debug */,
				675E9DF9223E51330016B866 /* Release */,
			);
			defaultConfigurationIsVisible = 0;
			defaultConfigurationName = Release;
		};
		675E9DFA223E51330016B866 /* Build configuration list for PBXNativeTarget "DJSSignInAndSignUpAppUITests" */ = {
			isa = XCConfigurationList;
			buildConfigurations = (
				675E9DFB223E51330016B866 /* Debug */,
				675E9DFC223E51330016B866 /* Release */,
			);
			defaultConfigurationIsVisible = 0;
			defaultConfigurationName = Release;
		};
/* End XCConfigurationList section */
	};
	rootObject = 675E9DC0223E51320016B866 /* Project object */;
}
